
Microsoft Visual Studio Solution File, Format Version 12.00
# Visual Studio 2017
Project("{FAE04EC0-301F-11D3-BF4B-00C04F79EFBC}") = "LiveChat", "LiveChat.csproj", "{6007CCF3-ACED-CCB2-E20A-6FAD44A69886}"
EndProject
Global
	GlobalSection(SolutionConfigurationPlatforms) = preSolution
		Debug|Any CPU = Debug|Any CPU
		Release|Any CPU = Release|Any CPU
	EndGlobalSection
	GlobalSection(ProjectConfigurationPlatforms) = postSolution
		{6007CCF3-ACED-CCB2-E20A-6FAD44A69886}.Debug|Any CPU.ActiveCfg = Debug|Any CPU
		{6007CCF3-ACED-CCB2-E20A-6FAD44A69886}.Debug|Any CPU.Build.0 = Debug|Any CPU
		{6007CCF3-ACED-CCB2-E20A-6FAD44A69886}.Release|Any CPU.ActiveCfg = Release|Any CPU
		{6007CCF3-ACED-CCB2-E20A-6FAD44A69886}.Release|Any CPU.Build.0 = Release|Any CPU
	EndGlobalSection
	GlobalSection(SolutionProperties) = preSolution
		HideSolutionNode = FALSE
	EndGlobalSection
EndGlobal
